
Microsoft Visual Studio Solution File, Format Version 12.00
# Visual Studio Version 17
VisualStudioVersion = 17.9.34701.34
MinimumVisualStudioVersion = 10.0.40219.1
Project("{FAE04EC0-301F-11D3-BF4B-00C04F79EFBC}") = "StudentAPI", "StudentAPI.csproj", "{FAAFCDE7-2161-4236-A60A-8549B777D318}"
EndProject
Project("{9A19103F-16F7-4668-BE54-9A1E7A4F7556}") = "Course.Shared", "..\Course.Shared\Course.Shared.csproj", "{2E328920-3C2D-462A-BCDB-2FC41D49887C}"
EndProject
Project("{9A19103F-16F7-4668-BE54-9A1E7A4F7556}") = "Shared", "..\Shared\Shared.csproj", "{E7DC3439-5443-4E30-813B-F6F0A7828475}"
EndProject
Project("{9A19103F-16F7-4668-BE54-9A1E7A4F7556}") = "Student", "..\Student\Student.csproj", "{411C3001-7817-4DF9-93E2-205DEC77C2E6}"
EndProject
Project("{9A19103F-16F7-4668-BE54-9A1E7A4F7556}") = "Student.Shared", "..\Student.Shared\Student.Shared.csproj", "{F7CD4D22-D5B5-45E7-81C3-A44637BC35B6}"
EndProject
Global
	GlobalSection(SolutionConfigurationPlatforms) = preSolution
		Debug|Any CPU = Debug|Any CPU
		Release|Any CPU = Release|Any CPU
	EndGlobalSection
	GlobalSection(ProjectConfigurationPlatforms) = postSolution
		{FAAFCDE7-2161-4236-A60A-8549B777D318}.Debug|Any CPU.ActiveCfg = Debug|Any CPU
		{FAAFCDE7-2161-4236-A60A-8549B777D318}.Debug|Any CPU.Build.0 = Debug|Any CPU
		{FAAFCDE7-2161-4236-A60A-8549B777D318}.Release|Any CPU.ActiveCfg = Release|Any CPU
		{FAAFCDE7-2161-4236-A60A-8549B777D318}.Release|Any CPU.Build.0 = Release|Any CPU
		{2E328920-3C2D-462A-BCDB-2FC41D49887C}.Debug|Any CPU.ActiveCfg = Debug|Any CPU
		{2E328920-3C2D-462A-BCDB-2FC41D49887C}.Debug|Any CPU.Build.0 = Debug|Any CPU
		{2E328920-3C2D-462A-BCDB-2FC41D49887C}.Release|Any CPU.ActiveCfg = Release|Any CPU
		{2E328920-3C2D-462A-BCDB-2FC41D49887C}.Release|Any CPU.Build.0 = Release|Any CPU
		{E7DC3439-5443-4E30-813B-F6F0A7828475}.Debug|Any CPU.ActiveCfg = Debug|Any CPU
		{E7DC3439-5443-4E30-813B-F6F0A7828475}.Debug|Any CPU.Build.0 = Debug|Any CPU
		{E7DC3439-5443-4E30-813B-F6F0A7828475}.Release|Any CPU.ActiveCfg = Release|Any CPU
		{E7DC3439-5443-4E30-813B-F6F0A7828475}.Release|Any CPU.Build.0 = Release|Any CPU
		{411C3001-7817-4DF9-93E2-205DEC77C2E6}.Debug|Any CPU.ActiveCfg = Debug|Any CPU
		{411C3001-7817-4DF9-93E2-205DEC77C2E6}.Debug|Any CPU.Build.0 = Debug|Any CPU
		{411C3001-7817-4DF9-93E2-205DEC77C2E6}.Release|Any CPU.ActiveCfg = Release|Any CPU
		{411C3001-7817-4DF9-93E2-205DEC77C2E6}.Release|Any CPU.Build.0 = Release|Any CPU
		{F7CD4D22-D5B5-45E7-81C3-A44637BC35B6}.Debug|Any CPU.ActiveCfg = Debug|Any CPU
		{F7CD4D22-D5B5-45E7-81C3-A44637BC35B6}.Debug|Any CPU.Build.0 = Debug|Any CPU
		{F7CD4D22-D5B5-45E7-81C3-A44637BC35B6}.Release|Any CPU.ActiveCfg = Release|Any CPU
		{F7CD4D22-D5B5-45E7-81C3-A44637BC35B6}.Release|Any CPU.Build.0 = Release|Any CPU
	EndGlobalSection
	GlobalSection(SolutionProperties) = preSolution
		HideSolutionNode = FALSE
	EndGlobalSection
	GlobalSection(ExtensibilityGlobals) = postSolution
		SolutionGuid = {05B44881-CA24-48D9-8831-799941760CC8}
	EndGlobalSection
EndGlobal
