
Microsoft Visual Studio Solution File, Format Version 12.00
# Visual Studio Version 17
VisualStudioVersion = 17.9.34701.34
MinimumVisualStudioVersion = 10.0.40219.1
Project("{9A19103F-16F7-4668-BE54-9A1E7A4F7556}") = "CourseAPI", "CourseAPI.csproj", "{23693709-FD5D-4DDD-AFFB-4AC5CCA3CD19}"
EndProject
Project("{9A19103F-16F7-4668-BE54-9A1E7A4F7556}") = "Course", "..\Course\Course.csproj", "{4D98AEF1-4E50-4445-9587-9405ADF3E3C2}"
EndProject
Global
	GlobalSection(SolutionConfigurationPlatforms) = preSolution
		Debug|Any CPU = Debug|Any CPU
		Release|Any CPU = Release|Any CPU
	EndGlobalSection
	GlobalSection(ProjectConfigurationPlatforms) = postSolution
		{23693709-FD5D-4DDD-AFFB-4AC5CCA3CD19}.Debug|Any CPU.ActiveCfg = Debug|Any CPU
		{23693709-FD5D-4DDD-AFFB-4AC5CCA3CD19}.Debug|Any CPU.Build.0 = Debug|Any CPU
		{23693709-FD5D-4DDD-AFFB-4AC5CCA3CD19}.Release|Any CPU.ActiveCfg = Release|Any CPU
		{23693709-FD5D-4DDD-AFFB-4AC5CCA3CD19}.Release|Any CPU.Build.0 = Release|Any CPU
		{4D98AEF1-4E50-4445-9587-9405ADF3E3C2}.Debug|Any CPU.ActiveCfg = Debug|Any CPU
		{4D98AEF1-4E50-4445-9587-9405ADF3E3C2}.Debug|Any CPU.Build.0 = Debug|Any CPU
		{4D98AEF1-4E50-4445-9587-9405ADF3E3C2}.Release|Any CPU.ActiveCfg = Release|Any CPU
		{4D98AEF1-4E50-4445-9587-9405ADF3E3C2}.Release|Any CPU.Build.0 = Release|Any CPU
	EndGlobalSection
	GlobalSection(SolutionProperties) = preSolution
		HideSolutionNode = FALSE
	EndGlobalSection
	GlobalSection(ExtensibilityGlobals) = postSolution
		SolutionGuid = {47165C31-8A8D-4EF9-892A-2C4A10621BEE}
	EndGlobalSection
EndGlobal
