
Microsoft Visual Studio Solution File, Format Version 12.00
# Visual Studio Version 17
VisualStudioVersion = 17.9.34701.34
MinimumVisualStudioVersion = 10.0.40219.1
Project("{FAE04EC0-301F-11D3-BF4B-00C04F79EFBC}") = "API", "API.csproj", "{0F8E3A3D-029A-4AAD-BE7F-038D1EDB7A24}"
EndProject
Global
	GlobalSection(SolutionConfigurationPlatforms) = preSolution
		Debug|Any CPU = Debug|Any CPU
		Release|Any CPU = Release|Any CPU
	EndGlobalSection
	GlobalSection(ProjectConfigurationPlatforms) = postSolution
		{0F8E3A3D-029A-4AAD-BE7F-038D1EDB7A24}.Debug|Any CPU.ActiveCfg = Debug|Any CPU
		{0F8E3A3D-029A-4AAD-BE7F-038D1EDB7A24}.Debug|Any CPU.Build.0 = Debug|Any CPU
		{0F8E3A3D-029A-4AAD-BE7F-038D1EDB7A24}.Release|Any CPU.ActiveCfg = Release|Any CPU
		{0F8E3A3D-029A-4AAD-BE7F-038D1EDB7A24}.Release|Any CPU.Build.0 = Release|Any CPU
	EndGlobalSection
	GlobalSection(SolutionProperties) = preSolution
		HideSolutionNode = FALSE
	EndGlobalSection
	GlobalSection(ExtensibilityGlobals) = postSolution
		SolutionGuid = {D795173B-A8AE-429E-A7A8-FAA4EBA373B8}
	EndGlobalSection
EndGlobal
